// !$*UTF8*$!
{
	archiveVersion = 1;
	classes = {
	};
	objectVersion = 50;
	objects = {

/* Begin PBXBuildFile section */
		2291AF5F224E84E90095E30D /* Log In.swift in Sources */ = {isa = PBXBuildFile; fileRef = 2291AF5E224E84E90095E30D /* Log In.swift */; };
		2E4D71F8224E7E3A001CE4AB /* user.swift in Sources */ = {isa = PBXBuildFile; fileRef = 2E4D71F7224E7E3A001CE4AB /* user.swift */; };
		2E853E5E223BEFDF002F6B3F /* AppDelegate.swift in Sources */ = {isa = PBXBuildFile; fileRef = 2E853E5D223BEFDF002F6B3F /* AppDelegate.swift */; };
		2E853E60223BEFDF002F6B3F /* ViewController.swift in Sources */ = {isa = PBXBuildFile; fileRef = 2E853E5F223BEFDF002F6B3F /* ViewController.swift */; };
		2E853E63223BEFDF002F6B3F /* Main.storyboard in Resources */ = {isa = PBXBuildFile; fileRef = 2E853E61223BEFDF002F6B3F /* Main.storyboard */; };
		2E853E65223BEFE3002F6B3F /* Assets.xcassets in Resources */ = {isa = PBXBuildFile; fileRef = 2E853E64223BEFE3002F6B3F /* Assets.xcassets */; };
		2E853E68223BEFE3002F6B3F /* LaunchScreen.storyboard in Resources */ = {isa = PBXBuildFile; fileRef = 2E853E66223BEFE3002F6B3F /* LaunchScreen.storyboard */; };
		2E853E73223BEFE4002F6B3F /* TransportiumTests.swift in Sources */ = {isa = PBXBuildFile; fileRef = 2E853E72223BEFE4002F6B3F /* TransportiumTests.swift */; };
		2E853E7E223BEFE4002F6B3F /* TransportiumUITests.swift in Sources */ = {isa = PBXBuildFile; fileRef = 2E853E7D223BEFE4002F6B3F /* TransportiumUITests.swift */; };
		2E853E8C223BF003002F6B3F /* GoogleService-Info.plist in Resources */ = {isa = PBXBuildFile; fileRef = 2E853E8B223BF003002F6B3F /* GoogleService-Info.plist */; };
		2E90E170227C901C00DF5F1A /* createProfile.swift in Sources */ = {isa = PBXBuildFile; fileRef = 2E90E16F227C901C00DF5F1A /* createProfile.swift */; };
		96A443EAB6078DE6D02A4BC7 /* Pods_TransportiumTests.framework in Frameworks */ = {isa = PBXBuildFile; fileRef = E957967F5747CD9A9B2F7FF5 /* Pods_TransportiumTests.framework */; };
		A9504ADB3D7D0BD9758B3FCE /* Pods_Transportium.framework in Frameworks */ = {isa = PBXBuildFile; fileRef = E791BA56954D4A241E54CA7E /* Pods_Transportium.framework */; };
		AD50F712A0EDBD23E8D40407 /* Pods_TransportiumUITests.framework in Frameworks */ = {isa = PBXBuildFile; fileRef = 250B3825ECA9DF169D16232E /* Pods_TransportiumUITests.framework */; };
/* End PBXBuildFile section */

/* Begin PBXContainerItemProxy section */
		2E853E6F223BEFE4002F6B3F /* PBXContainerItemProxy */ = {
			isa = PBXContainerItemProxy;
			containerPortal = 2E853E52223BEFDF002F6B3F /* Project object */;
			proxyType = 1;
			remoteGlobalIDString = 2E853E59223BEFDF002F6B3F;
			remoteInfo = Transportium;
		};
		2E853E7A223BEFE4002F6B3F /* PBXContainerItemProxy */ = {
			isa = PBXContainerItemProxy;
			containerPortal = 2E853E52223BEFDF002F6B3F /* Project object */;
			proxyType = 1;
			remoteGlobalIDString = 2E853E59223BEFDF002F6B3F;
			remoteInfo = Transportium;
		};
/* End PBXContainerItemProxy section */

/* Begin PBXFileReference section */
		2291AF5E224E84E90095E30D /* Log In.swift */ = {isa = PBXFileReference; lastKnownFileType = sourcecode.swift; name = "Log In.swift"; path = "Transportium/Model/Log In.swift"; sourceTree = SOURCE_ROOT; };
		250B3825ECA9DF169D16232E /* Pods_TransportiumUITests.framework */ = {isa = PBXFileReference; explicitFileType = wrapper.framework; includeInIndex = 0; path = Pods_TransportiumUITests.framework; sourceTree = BUILT_PRODUCTS_DIR; };
		2E4D71F7224E7E3A001CE4AB /* user.swift */ = {isa = PBXFileReference; lastKnownFileType = sourcecode.swift; path = user.swift; sourceTree = "<group>"; };
		2E853E5A223BEFDF002F6B3F /* Transportium.app */ = {isa = PBXFileReference; explicitFileType = wrapper.application; includeInIndex = 0; path = Transportium.app; sourceTree = BUILT_PRODUCTS_DIR; };
		2E853E5D223BEFDF002F6B3F /* AppDelegate.swift */ = {isa = PBXFileReference; lastKnownFileType = sourcecode.swift; path = AppDelegate.swift; sourceTree = "<group>"; };
		2E853E5F223BEFDF002F6B3F /* ViewController.swift */ = {isa = PBXFileReference; lastKnownFileType = sourcecode.swift; path = ViewController.swift; sourceTree = "<group>"; };
		2E853E62223BEFDF002F6B3F /* Base */ = {isa = PBXFileReference; lastKnownFileType = file.storyboard; name = Base; path = Base.lproj/Main.storyboard; sourceTree = "<group>"; };
		2E853E64223BEFE3002F6B3F /* Assets.xcassets */ = {isa = PBXFileReference; lastKnownFileType = folder.assetcatalog; path = Assets.xcassets; sourceTree = "<group>"; };
		2E853E67223BEFE3002F6B3F /* Base */ = {isa = PBXFileReference; lastKnownFileType = file.storyboard; name = Base; path = Base.lproj/LaunchScreen.storyboard; sourceTree = "<group>"; };
		2E853E69223BEFE4002F6B3F /* Info.plist */ = {isa = PBXFileReference; lastKnownFileType = text.plist.xml; path = Info.plist; sourceTree = "<group>"; };
		2E853E6E223BEFE4002F6B3F /* TransportiumTests.xctest */ = {isa = PBXFileReference; explicitFileType = wrapper.cfbundle; includeInIndex = 0; path = TransportiumTests.xctest; sourceTree = BUILT_PRODUCTS_DIR; };
		2E853E72223BEFE4002F6B3F /* TransportiumTests.swift */ = {isa = PBXFileReference; lastKnownFileType = sourcecode.swift; path = TransportiumTests.swift; sourceTree = "<group>"; };
		2E853E74223BEFE4002F6B3F /* Info.plist */ = {isa = PBXFileReference; lastKnownFileType = text.plist.xml; path = Info.plist; sourceTree = "<group>"; };
		2E853E79223BEFE4002F6B3F /* TransportiumUITests.xctest */ = {isa = PBXFileReference; explicitFileType = wrapper.cfbundle; includeInIndex = 0; path = TransportiumUITests.xctest; sourceTree = BUILT_PRODUCTS_DIR; };
		2E853E7D223BEFE4002F6B3F /* TransportiumUITests.swift */ = {isa = PBXFileReference; lastKnownFileType = sourcecode.swift; path = TransportiumUITests.swift; sourceTree = "<group>"; };
		2E853E7F223BEFE4002F6B3F /* Info.plist */ = {isa = PBXFileReference; lastKnownFileType = text.plist.xml; path = Info.plist; sourceTree = "<group>"; };
		2E853E8B223BF003002F6B3F /* GoogleService-Info.plist */ = {isa = PBXFileReference; fileEncoding = 4; lastKnownFileType = text.plist.xml; path = "GoogleService-Info.plist"; sourceTree = "<group>"; };
		2E90E16F227C901C00DF5F1A /* createProfile.swift */ = {isa = PBXFileReference; lastKnownFileType = sourcecode.swift; path = createProfile.swift; sourceTree = "<group>"; };
		37A52194039CFC563D2A93DB /* Pods-TransportiumTests.release.xcconfig */ = {isa = PBXFileReference; includeInIndex = 1; lastKnownFileType = text.xcconfig; name = "Pods-TransportiumTests.release.xcconfig"; path = "Target Support Files/Pods-TransportiumTests/Pods-TransportiumTests.release.xcconfig"; sourceTree = "<group>"; };
		9C75C82E69EC7EECAE46EE2E /* Pods-TransportiumUITests.release.xcconfig */ = {isa = PBXFileReference; includeInIndex = 1; lastKnownFileType = text.xcconfig; name = "Pods-TransportiumUITests.release.xcconfig"; path = "Target Support Files/Pods-TransportiumUITests/Pods-TransportiumUITests.release.xcconfig"; sourceTree = "<group>"; };
		C1E9FF0CCF9BF473E5F69D82 /* Pods-TransportiumUITests.debug.xcconfig */ = {isa = PBXFileReference; includeInIndex = 1; lastKnownFileType = text.xcconfig; name = "Pods-TransportiumUITests.debug.xcconfig"; path = "Target Support Files/Pods-TransportiumUITests/Pods-TransportiumUITests.debug.xcconfig"; sourceTree = "<group>"; };
		C347EAF6803371B14327F0E7 /* Pods-Transportium.release.xcconfig */ = {isa = PBXFileReference; includeInIndex = 1; lastKnownFileType = text.xcconfig; name = "Pods-Transportium.release.xcconfig"; path = "Target Support Files/Pods-Transportium/Pods-Transportium.release.xcconfig"; sourceTree = "<group>"; };
		E49F2A672C6D273A346D1033 /* Pods-Transportium.debug.xcconfig */ = {isa = PBXFileReference; includeInIndex = 1; lastKnownFileType = text.xcconfig; name = "Pods-Transportium.debug.xcconfig"; path = "Target Support Files/Pods-Transportium/Pods-Transportium.debug.xcconfig"; sourceTree = "<group>"; };
		E791BA56954D4A241E54CA7E /* Pods_Transportium.framework */ = {isa = PBXFileReference; explicitFileType = wrapper.framework; includeInIndex = 0; path = Pods_Transportium.framework; sourceTree = BUILT_PRODUCTS_DIR; };
		E957967F5747CD9A9B2F7FF5 /* Pods_TransportiumTests.framework */ = {isa = PBXFileReference; explicitFileType = wrapper.framework; includeInIndex = 0; path = Pods_TransportiumTests.framework; sourceTree = BUILT_PRODUCTS_DIR; };
		F8ED69BA5BCCDBB9EA6C1487 /* Pods-TransportiumTests.debug.xcconfig */ = {isa = PBXFileReference; includeInIndex = 1; lastKnownFileType = text.xcconfig; name = "Pods-TransportiumTests.debug.xcconfig"; path = "Target Support Files/Pods-TransportiumTests/Pods-TransportiumTests.debug.xcconfig"; sourceTree = "<group>"; };
/* End PBXFileReference section */

/* Begin PBXFrameworksBuildPhase section */
		2E853E57223BEFDF002F6B3F /* Frameworks */ = {
			isa = PBXFrameworksBuildPhase;
			buildActionMask = 2147483647;
			files = (
				A9504ADB3D7D0BD9758B3FCE /* Pods_Transportium.framework in Frameworks */,
			);
			runOnlyForDeploymentPostprocessing = 0;
		};
		2E853E6B223BEFE4002F6B3F /* Frameworks */ = {
			isa = PBXFrameworksBuildPhase;
			buildActionMask = 2147483647;
			files = (
				96A443EAB6078DE6D02A4BC7 /* Pods_TransportiumTests.framework in Frameworks */,
			);
			runOnlyForDeploymentPostprocessing = 0;
		};
		2E853E76223BEFE4002F6B3F /* Frameworks */ = {
			isa = PBXFrameworksBuildPhase;
			buildActionMask = 2147483647;
			files = (
				AD50F712A0EDBD23E8D40407 /* Pods_TransportiumUITests.framework in Frameworks */,
			);
			runOnlyForDeploymentPostprocessing = 0;
		};
/* End PBXFrameworksBuildPhase section */

/* Begin PBXGroup section */
		2291AF5D224E840B0095E30D /* Log In */ = {
			isa = PBXGroup;
			children = (
				2291AF5E224E84E90095E30D /* Log In.swift */,
			);
			name = "Log In";
			path = Login;
			sourceTree = "<group>";
		};
		2E4D71F6224E7E2D001CE4AB /* Class */ = {
			isa = PBXGroup;
			children = (
				2E4D71F7224E7E3A001CE4AB /* user.swift */,
			);
			path = Class;
			sourceTree = "<group>";
		};
		2E853E51223BEFDF002F6B3F = {
			isa = PBXGroup;
			children = (
				2E853E5C223BEFDF002F6B3F /* Transportium */,
				2E853E71223BEFE4002F6B3F /* TransportiumTests */,
				2E853E7C223BEFE4002F6B3F /* TransportiumUITests */,
				2E853E5B223BEFDF002F6B3F /* Products */,
				32EE96B3CBB275C224C69F3A /* Pods */,
				C5CE6E71B81D605581ECC0DD /* Frameworks */,
			);
			sourceTree = "<group>";
		};
		2E853E5B223BEFDF002F6B3F /* Products */ = {
			isa = PBXGroup;
			children = (
				2E853E5A223BEFDF002F6B3F /* Transportium.app */,
				2E853E6E223BEFE4002F6B3F /* TransportiumTests.xctest */,
				2E853E79223BEFE4002F6B3F /* TransportiumUITests.xctest */,
			);
			name = Products;
			sourceTree = "<group>";
		};
		2E853E5C223BEFDF002F6B3F /* Transportium */ = {
			isa = PBXGroup;
			children = (
				2E90E168227C8ECD00DF5F1A /* Profile */,
				2291AF5D224E840B0095E30D /* Log In */,
				2E4D71F6224E7E2D001CE4AB /* Class */,
				2E853E8D223BF00C002F6B3F /* BBDD */,
				2E853E5D223BEFDF002F6B3F /* AppDelegate.swift */,
				2E853E5F223BEFDF002F6B3F /* ViewController.swift */,
				2E853E61223BEFDF002F6B3F /* Main.storyboard */,
				2E853E64223BEFE3002F6B3F /* Assets.xcassets */,
				2E853E66223BEFE3002F6B3F /* LaunchScreen.storyboard */,
				2E853E69223BEFE4002F6B3F /* Info.plist */,
			);
			path = Transportium;
			sourceTree = "<group>";
		};
		2E853E71223BEFE4002F6B3F /* TransportiumTests */ = {
			isa = PBXGroup;
			children = (
				2E853E72223BEFE4002F6B3F /* TransportiumTests.swift */,
				2E853E74223BEFE4002F6B3F /* Info.plist */,
			);
			path = TransportiumTests;
			sourceTree = "<group>";
		};
		2E853E7C223BEFE4002F6B3F /* TransportiumUITests */ = {
			isa = PBXGroup;
			children = (
				2E853E7D223BEFE4002F6B3F /* TransportiumUITests.swift */,
				2E853E7F223BEFE4002F6B3F /* Info.plist */,
			);
			path = TransportiumUITests;
			sourceTree = "<group>";
		};
		2E853E8D223BF00C002F6B3F /* BBDD */ = {
			isa = PBXGroup;
			children = (
				2E853E8B223BF003002F6B3F /* GoogleService-Info.plist */,
			);
			path = BBDD;
			sourceTree = "<group>";
		};
		2E90E168227C8ECD00DF5F1A /* Profile */ = {
			isa = PBXGroup;
			children = (
				2E90E16F227C901C00DF5F1A /* createProfile.swift */,
			);
			path = Profile;
			sourceTree = "<group>";
		};
		32EE96B3CBB275C224C69F3A /* Pods */ = {
			isa = PBXGroup;
			children = (
				E49F2A672C6D273A346D1033 /* Pods-Transportium.debug.xcconfig */,
				C347EAF6803371B14327F0E7 /* Pods-Transportium.release.xcconfig */,
				F8ED69BA5BCCDBB9EA6C1487 /* Pods-TransportiumTests.debug.xcconfig */,
				37A52194039CFC563D2A93DB /* Pods-TransportiumTests.release.xcconfig */,
				C1E9FF0CCF9BF473E5F69D82 /* Pods-TransportiumUITests.debug.xcconfig */,
				9C75C82E69EC7EECAE46EE2E /* Pods-TransportiumUITests.release.xcconfig */,
			);
			path = Pods;
			sourceTree = "<group>";
		};
		C5CE6E71B81D605581ECC0DD /* Frameworks */ = {
			isa = PBXGroup;
			children = (
				E791BA56954D4A241E54CA7E /* Pods_Transportium.framework */,
				E957967F5747CD9A9B2F7FF5 /* Pods_TransportiumTests.framework */,
				250B3825ECA9DF169D16232E /* Pods_TransportiumUITests.framework */,
			);
			name = Frameworks;
			sourceTree = "<group>";
		};
/* End PBXGroup section */

/* Begin PBXNativeTarget section */
		2E853E59223BEFDF002F6B3F /* Transportium */ = {
			isa = PBXNativeTarget;
			buildConfigurationList = 2E853E82223BEFE4002F6B3F /* Build configuration list for PBXNativeTarget "Transportium" */;
			buildPhases = (
				427C8C374731A123CD4182FD /* [CP] Check Pods Manifest.lock */,
				2E853E56223BEFDF002F6B3F /* Sources */,
				2E853E57223BEFDF002F6B3F /* Frameworks */,
				2E853E58223BEFDF002F6B3F /* Resources */,
				19EF6321D47A222F2D7F99E0 /* [CP] Embed Pods Frameworks */,
				5BDBF022477DAAE3DA27B2CD /* [CP] Copy Pods Resources */,
			);
			buildRules = (
			);
			dependencies = (
			);
			name = Transportium;
			productName = Transportium;
			productReference = 2E853E5A223BEFDF002F6B3F /* Transportium.app */;
			productType = "com.apple.product-type.application";
		};
		2E853E6D223BEFE4002F6B3F /* TransportiumTests */ = {
			isa = PBXNativeTarget;
			buildConfigurationList = 2E853E85223BEFE4002F6B3F /* Build configuration list for PBXNativeTarget "TransportiumTests" */;
			buildPhases = (
				0799EB64679D9D3FB31B3A6C /* [CP] Check Pods Manifest.lock */,
				2E853E6A223BEFE4002F6B3F /* Sources */,
				2E853E6B223BEFE4002F6B3F /* Frameworks */,
				2E853E6C223BEFE4002F6B3F /* Resources */,
			);
			buildRules = (
			);
			dependencies = (
				2E853E70223BEFE4002F6B3F /* PBXTargetDependency */,
			);
			name = TransportiumTests;
			productName = TransportiumTests;
			productReference = 2E853E6E223BEFE4002F6B3F /* TransportiumTests.xctest */;
			productType = "com.apple.product-type.bundle.unit-test";
		};
		2E853E78223BEFE4002F6B3F /* TransportiumUITests */ = {
			isa = PBXNativeTarget;
			buildConfigurationList = 2E853E88223BEFE4002F6B3F /* Build configuration list for PBXNativeTarget "TransportiumUITests" */;
			buildPhases = (
				330919A131031907C80AF6BF /* [CP] Check Pods Manifest.lock */,
				2E853E75223BEFE4002F6B3F /* Sources */,
				2E853E76223BEFE4002F6B3F /* Frameworks */,
				2E853E77223BEFE4002F6B3F /* Resources */,
			);
			buildRules = (
			);
			dependencies = (
				2E853E7B223BEFE4002F6B3F /* PBXTargetDependency */,
			);
			name = TransportiumUITests;
			productName = TransportiumUITests;
			productReference = 2E853E79223BEFE4002F6B3F /* TransportiumUITests.xctest */;
			productType = "com.apple.product-type.bundle.ui-testing";
		};
/* End PBXNativeTarget section */

/* Begin PBXProject section */
		2E853E52223BEFDF002F6B3F /* Project object */ = {
			isa = PBXProject;
			attributes = {
				LastSwiftUpdateCheck = 1010;
				LastUpgradeCheck = 1010;
				ORGANIZATIONNAME = FerranDiego;
				TargetAttributes = {
					2E853E59223BEFDF002F6B3F = {
						CreatedOnToolsVersion = 10.1;
					};
					2E853E6D223BEFE4002F6B3F = {
						CreatedOnToolsVersion = 10.1;
						TestTargetID = 2E853E59223BEFDF002F6B3F;
					};
					2E853E78223BEFE4002F6B3F = {
						CreatedOnToolsVersion = 10.1;
						TestTargetID = 2E853E59223BEFDF002F6B3F;
					};
				};
			};
			buildConfigurationList = 2E853E55223BEFDF002F6B3F /* Build configuration list for PBXProject "Transportium" */;
			compatibilityVersion = "Xcode 9.3";
			developmentRegion = en;
			hasScannedForEncodings = 0;
			knownRegions = (
				en,
				Base,
			);
			mainGroup = 2E853E51223BEFDF002F6B3F;
			productRefGroup = 2E853E5B223BEFDF002F6B3F /* Products */;
			projectDirPath = "";
			projectRoot = "";
			targets = (
				2E853E59223BEFDF002F6B3F /* Transportium */,
				2E853E6D223BEFE4002F6B3F /* TransportiumTests */,
				2E853E78223BEFE4002F6B3F /* TransportiumUITests */,
			);
		};
/* End PBXProject section */

/* Begin PBXResourcesBuildPhase section */
		2E853E58223BEFDF002F6B3F /* Resources */ = {
			isa = PBXResourcesBuildPhase;
			buildActionMask = 2147483647;
			files = (
				2E853E68223BEFE3002F6B3F /* LaunchScreen.storyboard in Resources */,
				2E853E8C223BF003002F6B3F /* GoogleService-Info.plist in Resources */,
				2E853E65223BEFE3002F6B3F /* Assets.xcassets in Resources */,
				2E853E63223BEFDF002F6B3F /* Main.storyboard in Resources */,
			);
			runOnlyForDeploymentPostprocessing = 0;
		};
		2E853E6C223BEFE4002F6B3F /* Resources */ = {
			isa = PBXResourcesBuildPhase;
			buildActionMask = 2147483647;
			files = (
			);
			runOnlyForDeploymentPostprocessing = 0;
		};
		2E853E77223BEFE4002F6B3F /* Resources */ = {
			isa = PBXResourcesBuildPhase;
			buildActionMask = 2147483647;
			files = (
			);
			runOnlyForDeploymentPostprocessing = 0;
		};
/* End PBXResourcesBuildPhase section */

/* Begin PBXShellScriptBuildPhase section */
		0799EB64679D9D3FB31B3A6C /* [CP] Check Pods Manifest.lock */ = {
			isa = PBXShellScriptBuildPhase;
			buildActionMask = 2147483647;
			files = (
			);
			inputFileListPaths = (
			);
			inputPaths = (
				"${PODS_PODFILE_DIR_PATH}/Podfile.lock",
				"${PODS_ROOT}/Manifest.lock",
			);
			name = "[CP] Check Pods Manifest.lock";
			outputFileListPaths = (
			);
			outputPaths = (
				"$(DERIVED_FILE_DIR)/Pods-TransportiumTests-checkManifestLockResult.txt",
			);
			runOnlyForDeploymentPostprocessing = 0;
			shellPath = /bin/sh;
			shellScript = "diff \"${PODS_PODFILE_DIR_PATH}/Podfile.lock\" \"${PODS_ROOT}/Manifest.lock\" > /dev/null\nif [ $? != 0 ] ; then\n    # print error to STDERR\n    echo \"error: The sandbox is not in sync with the Podfile.lock. Run 'pod install' or update your CocoaPods installation.\" >&2\n    exit 1\nfi\n# This output is used by Xcode 'outputs' to avoid re-running this script phase.\necho \"SUCCESS\" > \"${SCRIPT_OUTPUT_FILE_0}\"\n";
			showEnvVarsInLog = 0;
		};
		19EF6321D47A222F2D7F99E0 /* [CP] Embed Pods Frameworks */ = {
			isa = PBXShellScriptBuildPhase;
			buildActionMask = 2147483647;
			files = (
			);
			inputFileListPaths = (
			);
			inputPaths = (
				"${PODS_ROOT}/Target Support Files/Pods-Transportium/Pods-Transportium-frameworks.sh",
				"${BUILT_PRODUCTS_DIR}/BoringSSL-GRPC/openssl_grpc.framework",
				"${BUILT_PRODUCTS_DIR}/FBSDKCoreKit/FBSDKCoreKit.framework",
				"${BUILT_PRODUCTS_DIR}/FBSDKLoginKit/FBSDKLoginKit.framework",
				"${BUILT_PRODUCTS_DIR}/GTMSessionFetcher/GTMSessionFetcher.framework",
				"${BUILT_PRODUCTS_DIR}/GoogleToolboxForMac/GoogleToolboxForMac.framework",
				"${BUILT_PRODUCTS_DIR}/GoogleUtilities/GoogleUtilities.framework",
				"${BUILT_PRODUCTS_DIR}/Protobuf/Protobuf.framework",
				"${BUILT_PRODUCTS_DIR}/SDWebImage/SDWebImage.framework",
				"${PODS_ROOT}/TwitterCore/iOS/TwitterCore.framework",
				"${PODS_ROOT}/TwitterKit/iOS/TwitterKit.framework",
				"${BUILT_PRODUCTS_DIR}/gRPC-C++/grpcpp.framework",
				"${BUILT_PRODUCTS_DIR}/gRPC-Core/grpc.framework",
				"${BUILT_PRODUCTS_DIR}/leveldb-library/leveldb.framework",
				"${BUILT_PRODUCTS_DIR}/nanopb/nanopb.framework",
			);
			name = "[CP] Embed Pods Frameworks";
			outputFileListPaths = (
			);
			outputPaths = (
				"${TARGET_BUILD_DIR}/${FRAMEWORKS_FOLDER_PATH}/openssl_grpc.framework",
				"${TARGET_BUILD_DIR}/${FRAMEWORKS_FOLDER_PATH}/FBSDKCoreKit.framework",
				"${TARGET_BUILD_DIR}/${FRAMEWORKS_FOLDER_PATH}/FBSDKLoginKit.framework",
				"${TARGET_BUILD_DIR}/${FRAMEWORKS_FOLDER_PATH}/GTMSessionFetcher.framework",
				"${TARGET_BUILD_DIR}/${FRAMEWORKS_FOLDER_PATH}/GoogleToolboxForMac.framework",
				"${TARGET_BUILD_DIR}/${FRAMEWORKS_FOLDER_PATH}/GoogleUtilities.framework",
				"${TARGET_BUILD_DIR}/${FRAMEWORKS_FOLDER_PATH}/Protobuf.framework",
				"${TARGET_BUILD_DIR}/${FRAMEWORKS_FOLDER_PATH}/SDWebImage.framework",
				"${TARGET_BUILD_DIR}/${FRAMEWORKS_FOLDER_PATH}/TwitterCore.framework",
				"${TARGET_BUILD_DIR}/${FRAMEWORKS_FOLDER_PATH}/TwitterKit.framework",
				"${TARGET_BUILD_DIR}/${FRAMEWORKS_FOLDER_PATH}/grpcpp.framework",
				"${TARGET_BUILD_DIR}/${FRAMEWORKS_FOLDER_PATH}/grpc.framework",
				"${TARGET_BUILD_DIR}/${FRAMEWORKS_FOLDER_PATH}/leveldb.framework",
				"${TARGET_BUILD_DIR}/${FRAMEWORKS_FOLDER_PATH}/nanopb.framework",
			);
			runOnlyForDeploymentPostprocessing = 0;
			shellPath = /bin/sh;
			shellScript = "\"${PODS_ROOT}/Target Support Files/Pods-Transportium/Pods-Transportium-frameworks.sh\"\n";
			showEnvVarsInLog = 0;
		};
		330919A131031907C80AF6BF /* [CP] Check Pods Manifest.lock */ = {
			isa = PBXShellScriptBuildPhase;
			buildActionMask = 2147483647;
			files = (
			);
			inputFileListPaths = (
			);
			inputPaths = (
				"${PODS_PODFILE_DIR_PATH}/Podfile.lock",
				"${PODS_ROOT}/Manifest.lock",
			);
			name = "[CP] Check Pods Manifest.lock";
			outputFileListPaths = (
			);
			outputPaths = (
				"$(DERIVED_FILE_DIR)/Pods-TransportiumUITests-checkManifestLockResult.txt",
			);
			runOnlyForDeploymentPostprocessing = 0;
			shellPath = /bin/sh;
			shellScript = "diff \"${PODS_PODFILE_DIR_PATH}/Podfile.lock\" \"${PODS_ROOT}/Manifest.lock\" > /dev/null\nif [ $? != 0 ] ; then\n    # print error to STDERR\n    echo \"error: The sandbox is not in sync with the Podfile.lock. Run 'pod install' or update your CocoaPods installation.\" >&2\n    exit 1\nfi\n# This output is used by Xcode 'outputs' to avoid re-running this script phase.\necho \"SUCCESS\" > \"${SCRIPT_OUTPUT_FILE_0}\"\n";
			showEnvVarsInLog = 0;
		};
		427C8C374731A123CD4182FD /* [CP] Check Pods Manifest.lock */ = {
			isa = PBXShellScriptBuildPhase;
			buildActionMask = 2147483647;
			files = (
			);
			inputFileListPaths = (
			);
			inputPaths = (
				"${PODS_PODFILE_DIR_PATH}/Podfile.lock",
				"${PODS_ROOT}/Manifest.lock",
			);
			name = "[CP] Check Pods Manifest.lock";
			outputFileListPaths = (
			);
			outputPaths = (
				"$(DERIVED_FILE_DIR)/Pods-Transportium-checkManifestLockResult.txt",
			);
			runOnlyForDeploymentPostprocessing = 0;
			shellPath = /bin/sh;
			shellScript = "diff \"${PODS_PODFILE_DIR_PATH}/Podfile.lock\" \"${PODS_ROOT}/Manifest.lock\" > /dev/null\nif [ $? != 0 ] ; then\n    # print error to STDERR\n    echo \"error: The sandbox is not in sync with the Podfile.lock. Run 'pod install' or update your CocoaPods installation.\" >&2\n    exit 1\nfi\n# This output is used by Xcode 'outputs' to avoid re-running this script phase.\necho \"SUCCESS\" > \"${SCRIPT_OUTPUT_FILE_0}\"\n";
			showEnvVarsInLog = 0;
		};
		5BDBF022477DAAE3DA27B2CD /* [CP] Copy Pods Resources */ = {
			isa = PBXShellScriptBuildPhase;
			buildActionMask = 2147483647;
			files = (
			);
			inputFileListPaths = (
			);
			inputPaths = (
				"${PODS_ROOT}/Target Support Files/Pods-Transportium/Pods-Transportium-resources.sh",
				"${PODS_CONFIGURATION_BUILD_DIR}/FirebaseUI/FirebaseAnonymousAuthUI.bundle",
				"${PODS_CONFIGURATION_BUILD_DIR}/FirebaseUI/FirebaseAuthUI.bundle",
				"${PODS_CONFIGURATION_BUILD_DIR}/FirebaseUI/FirebaseEmailAuthUI.bundle",
				"${PODS_CONFIGURATION_BUILD_DIR}/FirebaseUI/FirebaseFacebookAuthUI.bundle",
				"${PODS_CONFIGURATION_BUILD_DIR}/FirebaseUI/FirebaseGoogleAuthUI.bundle",
				"${PODS_CONFIGURATION_BUILD_DIR}/FirebaseUI/FirebasePhoneAuthUI.bundle",
				"${PODS_CONFIGURATION_BUILD_DIR}/FirebaseUI/FirebaseTwitterAuthUI.bundle",
				"${PODS_ROOT}/GoogleSignIn/Resources/GoogleSignIn.bundle",
				"${PODS_ROOT}/TwitterKit/iOS/TwitterKit.framework/TwitterKitResources.bundle",
			);
			name = "[CP] Copy Pods Resources";
			outputFileListPaths = (
			);
			outputPaths = (
				"${TARGET_BUILD_DIR}/${UNLOCALIZED_RESOURCES_FOLDER_PATH}/FirebaseAnonymousAuthUI.bundle",
				"${TARGET_BUILD_DIR}/${UNLOCALIZED_RESOURCES_FOLDER_PATH}/FirebaseAuthUI.bundle",
				"${TARGET_BUILD_DIR}/${UNLOCALIZED_RESOURCES_FOLDER_PATH}/FirebaseEmailAuthUI.bundle",
				"${TARGET_BUILD_DIR}/${UNLOCALIZED_RESOURCES_FOLDER_PATH}/FirebaseFacebookAuthUI.bundle",
				"${TARGET_BUILD_DIR}/${UNLOCALIZED_RESOURCES_FOLDER_PATH}/FirebaseGoogleAuthUI.bundle",
				"${TARGET_BUILD_DIR}/${UNLOCALIZED_RESOURCES_FOLDER_PATH}/FirebasePhoneAuthUI.bundle",
				"${TARGET_BUILD_DIR}/${UNLOCALIZED_RESOURCES_FOLDER_PATH}/FirebaseTwitterAuthUI.bundle",
				"${TARGET_BUILD_DIR}/${UNLOCALIZED_RESOURCES_FOLDER_PATH}/GoogleSignIn.bundle",
				"${TARGET_BUILD_DIR}/${UNLOCALIZED_RESOURCES_FOLDER_PATH}/TwitterKitResources.bundle",
			);
			runOnlyForDeploymentPostprocessing = 0;
			shellPath = /bin/sh;
			shellScript = "\"${PODS_ROOT}/Target Support Files/Pods-Transportium/Pods-Transportium-resources.sh\"\n";
			showEnvVarsInLog = 0;
		};
/* End PBXShellScriptBuildPhase section */

/* Begin PBXSourcesBuildPhase section */
		2E853E56223BEFDF002F6B3F /* Sources */ = {
			isa = PBXSourcesBuildPhase;
			buildActionMask = 2147483647;
			files = (
				2E90E170227C901C00DF5F1A /* createProfile.swift in Sources */,
				2291AF5F224E84E90095E30D /* Log In.swift in Sources */,
				2E853E60223BEFDF002F6B3F /* ViewController.swift in Sources */,
				2E853E5E223BEFDF002F6B3F /* AppDelegate.swift in Sources */,
				2E4D71F8224E7E3A001CE4AB /* user.swift in Sources */,
			);
			runOnlyForDeploymentPostprocessing = 0;
		};
		2E853E6A223BEFE4002F6B3F /* Sources */ = {
			isa = PBXSourcesBuildPhase;
			buildActionMask = 2147483647;
			files = (
				2E853E73223BEFE4002F6B3F /* TransportiumTests.swift in Sources */,
			);
			runOnlyForDeploymentPostprocessing = 0;
		};
		2E853E75223BEFE4002F6B3F /* Sources */ = {
			isa = PBXSourcesBuildPhase;
			buildActionMask = 2147483647;
			files = (
				2E853E7E223BEFE4002F6B3F /* TransportiumUITests.swift in Sources */,
			);
			runOnlyForDeploymentPostprocessing = 0;
		};
/* End PBXSourcesBuildPhase section */

/* Begin PBXTargetDependency section */
		2E853E70223BEFE4002F6B3F /* PBXTargetDependency */ = {
			isa = PBXTargetDependency;
			target = 2E853E59223BEFDF002F6B3F /* Transportium */;
			targetProxy = 2E853E6F223BEFE4002F6B3F /* PBXContainerItemProxy */;
		};
		2E853E7B223BEFE4002F6B3F /* PBXTargetDependency */ = {
			isa = PBXTargetDependency;
			target = 2E853E59223BEFDF002F6B3F /* Transportium */;
			targetProxy = 2E853E7A223BEFE4002F6B3F /* PBXContainerItemProxy */;
		};
/* End PBXTargetDependency section */

/* Begin PBXVariantGroup section */
		2E853E61223BEFDF002F6B3F /* Main.storyboard */ = {
			isa = PBXVariantGroup;
			children = (
				2E853E62223BEFDF002F6B3F /* Base */,
			);
			name = Main.storyboard;
			sourceTree = "<group>";
		};
		2E853E66223BEFE3002F6B3F /* LaunchScreen.storyboard */ = {
			isa = PBXVariantGroup;
			children = (
				2E853E67223BEFE3002F6B3F /* Base */,
			);
			name = LaunchScreen.storyboard;
			sourceTree = "<group>";
		};
/* End PBXVariantGroup section */

/* Begin XCBuildConfiguration section */
		2E853E80223BEFE4002F6B3F /* Debug */ = {
			isa = XCBuildConfiguration;
			buildSettings = {
				ALWAYS_SEARCH_USER_PATHS = NO;
				CLANG_ANALYZER_NONNULL = YES;
				CLANG_ANALYZER_NUMBER_OBJECT_CONVERSION = YES_AGGRESSIVE;
				CLANG_CXX_LANGUAGE_STANDARD = "gnu++14";
				CLANG_CXX_LIBRARY = "libc++";
				CLANG_ENABLE_MODULES = YES;
				CLANG_ENABLE_OBJC_ARC = YES;
				CLANG_ENABLE_OBJC_WEAK = YES;
				CLANG_WARN_BLOCK_CAPTURE_AUTORELEASING = YES;
				CLANG_WARN_BOOL_CONVERSION = YES;
				CLANG_WARN_COMMA = YES;
				CLANG_WARN_CONSTANT_CONVERSION = YES;
				CLANG_WARN_DEPRECATED_OBJC_IMPLEMENTATIONS = YES;
				CLANG_WARN_DIRECT_OBJC_ISA_USAGE = YES_ERROR;
				CLANG_WARN_DOCUMENTATION_COMMENTS = YES;
				CLANG_WARN_EMPTY_BODY = YES;
				CLANG_WARN_ENUM_CONVERSION = YES;
				CLANG_WARN_INFINITE_RECURSION = YES;
				CLANG_WARN_INT_CONVERSION = YES;
				CLANG_WARN_NON_LITERAL_NULL_CONVERSION = YES;
				CLANG_WARN_OBJC_IMPLICIT_RETAIN_SELF = YES;
				CLANG_WARN_OBJC_LITERAL_CONVERSION = YES;
				CLANG_WARN_OBJC_ROOT_CLASS = YES_ERROR;
				CLANG_WARN_RANGE_LOOP_ANALYSIS = YES;
				CLANG_WARN_STRICT_PROTOTYPES = YES;
				CLANG_WARN_SUSPICIOUS_MOVE = YES;
				CLANG_WARN_UNGUARDED_AVAILABILITY = YES_AGGRESSIVE;
				CLANG_WARN_UNREACHABLE_CODE = YES;
				CLANG_WARN__DUPLICATE_METHOD_MATCH = YES;
				CODE_SIGN_IDENTITY = "iPhone Developer";
				COPY_PHASE_STRIP = NO;
				DEBUG_INFORMATION_FORMAT = dwarf;
				ENABLE_STRICT_OBJC_MSGSEND = YES;
				ENABLE_TESTABILITY = YES;
				GCC_C_LANGUAGE_STANDARD = gnu11;
				GCC_DYNAMIC_NO_PIC = NO;
				GCC_NO_COMMON_BLOCKS = YES;
				GCC_OPTIMIZATION_LEVEL = 0;
				GCC_PREPROCESSOR_DEFINITIONS = (
					"DEBUG=1",
					"$(inherited)",
				);
				GCC_WARN_64_TO_32_BIT_CONVERSION = YES;
				GCC_WARN_ABOUT_RETURN_TYPE = YES_ERROR;
				GCC_WARN_UNDECLARED_SELECTOR = YES;
				GCC_WARN_UNINITIALIZED_AUTOS = YES_AGGRESSIVE;
				GCC_WARN_UNUSED_FUNCTION = YES;
				GCC_WARN_UNUSED_VARIABLE = YES;
				IPHONEOS_DEPLOYMENT_TARGET = 12.1;
				MTL_ENABLE_DEBUG_INFO = INCLUDE_SOURCE;
				MTL_FAST_MATH = YES;
				ONLY_ACTIVE_ARCH = YES;
				SDKROOT = iphoneos;
				SWIFT_ACTIVE_COMPILATION_CONDITIONS = DEBUG;
				SWIFT_OPTIMIZATION_LEVEL = "-Onone";
			};
			name = Debug;
		};
		2E853E81223BEFE4002F6B3F /* Release */ = {
			isa = XCBuildConfiguration;
			buildSettings = {
				ALWAYS_SEARCH_USER_PATHS = NO;
				CLANG_ANALYZER_NONNULL = YES;
				CLANG_ANALYZER_NUMBER_OBJECT_CONVERSION = YES_AGGRESSIVE;
				CLANG_CXX_LANGUAGE_STANDARD = "gnu++14";
				CLANG_CXX_LIBRARY = "libc++";
				CLANG_ENABLE_MODULES = YES;
				CLANG_ENABLE_OBJC_ARC = YES;
				CLANG_ENABLE_OBJC_WEAK = YES;
				CLANG_WARN_BLOCK_CAPTURE_AUTORELEASING = YES;
				CLANG_WARN_BOOL_CONVERSION = YES;
				CLANG_WARN_COMMA = YES;
				CLANG_WARN_CONSTANT_CONVERSION = YES;
				CLANG_WARN_DEPRECATED_OBJC_IMPLEMENTATIONS = YES;
				CLANG_WARN_DIRECT_OBJC_ISA_USAGE = YES_ERROR;
				CLANG_WARN_DOCUMENTATION_COMMENTS = YES;
				CLANG_WARN_EMPTY_BODY = YES;
				CLANG_WARN_ENUM_CONVERSION = YES;
				CLANG_WARN_INFINITE_RECURSION = YES;
				CLANG_WARN_INT_CONVERSION = YES;
				CLANG_WARN_NON_LITERAL_NULL_CONVERSION = YES;
				CLANG_WARN_OBJC_IMPLICIT_RETAIN_SELF = YES;
				CLANG_WARN_OBJC_LITERAL_CONVERSION = YES;
				CLANG_WARN_OBJC_ROOT_CLASS = YES_ERROR;
				CLANG_WARN_RANGE_LOOP_ANALYSIS = YES;
				CLANG_WARN_STRICT_PROTOTYPES = YES;
				CLANG_WARN_SUSPICIOUS_MOVE = YES;
				CLANG_WARN_UNGUARDED_AVAILABILITY = YES_AGGRESSIVE;
				CLANG_WARN_UNREACHABLE_CODE = YES;
				CLANG_WARN__DUPLICATE_METHOD_MATCH = YES;
				CODE_SIGN_IDENTITY = "iPhone Developer";
				COPY_PHASE_STRIP = NO;
				DEBUG_INFORMATION_FORMAT = "dwarf-with-dsym";
				ENABLE_NS_ASSERTIONS = NO;
				ENABLE_STRICT_OBJC_MSGSEND = YES;
				GCC_C_LANGUAGE_STANDARD = gnu11;
				GCC_NO_COMMON_BLOCKS = YES;
				GCC_WARN_64_TO_32_BIT_CONVERSION = YES;
				GCC_WARN_ABOUT_RETURN_TYPE = YES_ERROR;
				GCC_WARN_UNDECLARED_SELECTOR = YES;
				GCC_WARN_UNINITIALIZED_AUTOS = YES_AGGRESSIVE;
				GCC_WARN_UNUSED_FUNCTION = YES;
				GCC_WARN_UNUSED_VARIABLE = YES;
				IPHONEOS_DEPLOYMENT_TARGET = 12.1;
				MTL_ENABLE_DEBUG_INFO = NO;
				MTL_FAST_MATH = YES;
				SDKROOT = iphoneos;
				SWIFT_COMPILATION_MODE = wholemodule;
				SWIFT_OPTIMIZATION_LEVEL = "-O";
				VALIDATE_PRODUCT = YES;
			};
			name = Release;
		};
		2E853E83223BEFE4002F6B3F /* Debug */ = {
			isa = XCBuildConfiguration;
			baseConfigurationReference = E49F2A672C6D273A346D1033 /* Pods-Transportium.debug.xcconfig */;
			buildSettings = {
				ASSETCATALOG_COMPILER_APPICON_NAME = AppIcon;
				CODE_SIGN_STYLE = Automatic;
				INFOPLIST_FILE = Transportium/Info.plist;
				LD_RUNPATH_SEARCH_PATHS = (
					"$(inherited)",
					"@executable_path/Frameworks",
				);
				PRODUCT_BUNDLE_IDENTIFIER = ferrandiego.Transportium;
				PRODUCT_NAME = "$(TARGET_NAME)";
				SWIFT_VERSION = 4.2;
				TARGETED_DEVICE_FAMILY = "1,2";
			};
			name = Debug;
		};
		2E853E84223BEFE4002F6B3F /* Release */ = {
			isa = XCBuildConfiguration;
			baseConfigurationReference = C347EAF6803371B14327F0E7 /* Pods-Transportium.release.xcconfig */;
			buildSettings = {
				ASSETCATALOG_COMPILER_APPICON_NAME = AppIcon;
				CODE_SIGN_STYLE = Automatic;
				INFOPLIST_FILE = Transportium/Info.plist;
				LD_RUNPATH_SEARCH_PATHS = (
					"$(inherited)",
					"@executable_path/Frameworks",
				);
				PRODUCT_BUNDLE_IDENTIFIER = ferrandiego.Transportium;
				PRODUCT_NAME = "$(TARGET_NAME)";
				SWIFT_VERSION = 4.2;
				TARGETED_DEVICE_FAMILY = "1,2";
			};
			name = Release;
		};
		2E853E86223BEFE4002F6B3F /* Debug */ = {
			isa = XCBuildConfiguration;
			baseConfigurationReference = F8ED69BA5BCCDBB9EA6C1487 /* Pods-TransportiumTests.debug.xcconfig */;
			buildSettings = {
				ALWAYS_EMBED_SWIFT_STANDARD_LIBRARIES = YES;
				BUNDLE_LOADER = "$(TEST_HOST)";
				CODE_SIGN_STYLE = Automatic;
				INFOPLIST_FILE = TransportiumTests/Info.plist;
				LD_RUNPATH_SEARCH_PATHS = (
					"$(inherited)",
					"@executable_path/Frameworks",
					"@loader_path/Frameworks",
				);
				PRODUCT_BUNDLE_IDENTIFIER = ferrandiego.TransportiumTests;
				PRODUCT_NAME = "$(TARGET_NAME)";
				SWIFT_VERSION = 4.2;
				TARGETED_DEVICE_FAMILY = "1,2";
				TEST_HOST = "$(BUILT_PRODUCTS_DIR)/Transportium.app/Transportium";
			};
			name = Debug;
		};
		2E853E87223BEFE4002F6B3F /* Release */ = {
			isa = XCBuildConfiguration;
			baseConfigurationReference = 37A52194039CFC563D2A93DB /* Pods-TransportiumTests.release.xcconfig */;
			buildSettings = {
				ALWAYS_EMBED_SWIFT_STANDARD_LIBRARIES = YES;
				BUNDLE_LOADER = "$(TEST_HOST)";
				CODE_SIGN_STYLE = Automatic;
				INFOPLIST_FILE = TransportiumTests/Info.plist;
				LD_RUNPATH_SEARCH_PATHS = (
					"$(inherited)",
					"@executable_path/Frameworks",
					"@loader_path/Frameworks",
				);
				PRODUCT_BUNDLE_IDENTIFIER = ferrandiego.TransportiumTests;
				PRODUCT_NAME = "$(TARGET_NAME)";
				SWIFT_VERSION = 4.2;
				TARGETED_DEVICE_FAMILY = "1,2";
				TEST_HOST = "$(BUILT_PRODUCTS_DIR)/Transportium.app/Transportium";
			};
			name = Release;
		};
		2E853E89223BEFE4002F6B3F /* Debug */ = {
			isa = XCBuildConfiguration;
			baseConfigurationReference = C1E9FF0CCF9BF473E5F69D82 /* Pods-TransportiumUITests.debug.xcconfig */;
			buildSettings = {
				ALWAYS_EMBED_SWIFT_STANDARD_LIBRARIES = YES;
				CODE_SIGN_STYLE = Automatic;
				INFOPLIST_FILE = TransportiumUITests/Info.plist;
				LD_RUNPATH_SEARCH_PATHS = (
					"$(inherited)",
					"@executable_path/Frameworks",
					"@loader_path/Frameworks",
				);
				PRODUCT_BUNDLE_IDENTIFIER = ferrandiego.TransportiumUITests;
				PRODUCT_NAME = "$(TARGET_NAME)";
				SWIFT_VERSION = 4.2;
				TARGETED_DEVICE_FAMILY = "1,2";
				TEST_TARGET_NAME = Transportium;
			};
			name = Debug;
		};
		2E853E8A223BEFE4002F6B3F /* Release */ = {
			isa = XCBuildConfiguration;
			baseConfigurationReference = 9C75C82E69EC7EECAE46EE2E /* Pods-TransportiumUITests.release.xcconfig */;
			buildSettings = {
				ALWAYS_EMBED_SWIFT_STANDARD_LIBRARIES = YES;
				CODE_SIGN_STYLE = Automatic;
				INFOPLIST_FILE = TransportiumUITests/Info.plist;
				LD_RUNPATH_SEARCH_PATHS = (
					"$(inherited)",
					"@executable_path/Frameworks",
					"@loader_path/Frameworks",
				);
				PRODUCT_BUNDLE_IDENTIFIER = ferrandiego.TransportiumUITests;
				PRODUCT_NAME = "$(TARGET_NAME)";
				SWIFT_VERSION = 4.2;
				TARGETED_DEVICE_FAMILY = "1,2";
				TEST_TARGET_NAME = Transportium;
			};
			name = Release;
		};
/* End XCBuildConfiguration section */

/* Begin XCConfigurationList section */
		2E853E55223BEFDF002F6B3F /* Build configuration list for PBXProject "Transportium" */ = {
			isa = XCConfigurationList;
			buildConfigurations = (
				2E853E80223BEFE4002F6B3F /* Debug */,
				2E853E81223BEFE4002F6B3F /* Release */,
			);
			defaultConfigurationIsVisible = 0;
			defaultConfigurationName = Release;
		};
		2E853E82223BEFE4002F6B3F /* Build configuration list for PBXNativeTarget "Transportium" */ = {
			isa = XCConfigurationList;
			buildConfigurations = (
				2E853E83223BEFE4002F6B3F /* Debug */,
				2E853E84223BEFE4002F6B3F /* Release */,
			);
			defaultConfigurationIsVisible = 0;
			defaultConfigurationName = Release;
		};
		2E853E85223BEFE4002F6B3F /* Build configuration list for PBXNativeTarget "TransportiumTests" */ = {
			isa = XCConfigurationList;
			buildConfigurations = (
				2E853E86223BEFE4002F6B3F /* Debug */,
				2E853E87223BEFE4002F6B3F /* Release */,
			);
			defaultConfigurationIsVisible = 0;
			defaultConfigurationName = Release;
		};
		2E853E88223BEFE4002F6B3F /* Build configuration list for PBXNativeTarget "TransportiumUITests" */ = {
			isa = XCConfigurationList;
			buildConfigurations = (
				2E853E89223BEFE4002F6B3F /* Debug */,
				2E853E8A223BEFE4002F6B3F /* Release */,
			);
			defaultConfigurationIsVisible = 0;
			defaultConfigurationName = Release;
		};
/* End XCConfigurationList section */
	};
	rootObject = 2E853E52223BEFDF002F6B3F /* Project object */;
}
